
Microsoft Visual Studio Solution File, Format Version 12.00
# Visual Studio Version 16
VisualStudioVersion = 25.0.1703.3
MinimumVisualStudioVersion = 10.0.40219.1
Project("{FAE04EC0-301F-11D3-BF4B-00C04F79EFBC}") = "InchesToCentimeters", "InchesToCentimeters\InchesToCentimeters.csproj", "{F169AF9D-E7CC-4DE9-B2DC-FAAB814701EE}"
EndProject
Global
	GlobalSection(SolutionConfigurationPlatforms) = preSolution
		Debug|Any CPU = Debug|Any CPU
		Release|Any CPU = Release|Any CPU
	EndGlobalSection
	GlobalSection(ProjectConfigurationPlatforms) = postSolution
		{F169AF9D-E7CC-4DE9-B2DC-FAAB814701EE}.Debug|Any CPU.ActiveCfg = Debug|Any CPU
		{F169AF9D-E7CC-4DE9-B2DC-FAAB814701EE}.Debug|Any CPU.Build.0 = Debug|Any CPU
		{F169AF9D-E7CC-4DE9-B2DC-FAAB814701EE}.Release|Any CPU.ActiveCfg = Release|Any CPU
		{F169AF9D-E7CC-4DE9-B2DC-FAAB814701EE}.Release|Any CPU.Build.0 = Release|Any CPU
	EndGlobalSection
	GlobalSection(SolutionProperties) = preSolution
		HideSolutionNode = FALSE
	EndGlobalSection
	GlobalSection(ExtensibilityGlobals) = postSolution
		SolutionGuid = {B08F7424-65EF-4F7A-98B6-1224D49467AC}
	EndGlobalSection
EndGlobal
