
Microsoft Visual Studio Solution File, Format Version 12.00
# Visual Studio Version 16
VisualStudioVersion = 25.0.1703.3
MinimumVisualStudioVersion = 10.0.40219.1
Project("{FAE04EC0-301F-11D3-BF4B-00C04F79EFBC}") = "IzgotvqneNaProekti", "IzgotvqneNaProekti\IzgotvqneNaProekti.csproj", "{F87B5E7C-F55F-41AD-BB0E-AF98DDAEA7EB}"
EndProject
Global
	GlobalSection(SolutionConfigurationPlatforms) = preSolution
		Debug|Any CPU = Debug|Any CPU
		Release|Any CPU = Release|Any CPU
	EndGlobalSection
	GlobalSection(ProjectConfigurationPlatforms) = postSolution
		{F87B5E7C-F55F-41AD-BB0E-AF98DDAEA7EB}.Debug|Any CPU.ActiveCfg = Debug|Any CPU
		{F87B5E7C-F55F-41AD-BB0E-AF98DDAEA7EB}.Debug|Any CPU.Build.0 = Debug|Any CPU
		{F87B5E7C-F55F-41AD-BB0E-AF98DDAEA7EB}.Release|Any CPU.ActiveCfg = Release|Any CPU
		{F87B5E7C-F55F-41AD-BB0E-AF98DDAEA7EB}.Release|Any CPU.Build.0 = Release|Any CPU
	EndGlobalSection
	GlobalSection(SolutionProperties) = preSolution
		HideSolutionNode = FALSE
	EndGlobalSection
	GlobalSection(ExtensibilityGlobals) = postSolution
		SolutionGuid = {6A751E0C-1E93-415B-B6BC-4D8E65057E38}
	EndGlobalSection
EndGlobal
