
Microsoft Visual Studio Solution File, Format Version 12.00
# Visual Studio Version 16
VisualStudioVersion = 25.0.1703.3
MinimumVisualStudioVersion = 10.0.40219.1
Project("{FAE04EC0-301F-11D3-BF4B-00C04F79EFBC}") = "YardGreening", "YardGreening\YardGreening.csproj", "{A833B6B5-09A3-452D-8EDA-2DB36AA8E404}"
EndProject
Global
	GlobalSection(SolutionConfigurationPlatforms) = preSolution
		Debug|Any CPU = Debug|Any CPU
		Release|Any CPU = Release|Any CPU
	EndGlobalSection
	GlobalSection(ProjectConfigurationPlatforms) = postSolution
		{A833B6B5-09A3-452D-8EDA-2DB36AA8E404}.Debug|Any CPU.ActiveCfg = Debug|Any CPU
		{A833B6B5-09A3-452D-8EDA-2DB36AA8E404}.Debug|Any CPU.Build.0 = Debug|Any CPU
		{A833B6B5-09A3-452D-8EDA-2DB36AA8E404}.Release|Any CPU.ActiveCfg = Release|Any CPU
		{A833B6B5-09A3-452D-8EDA-2DB36AA8E404}.Release|Any CPU.Build.0 = Release|Any CPU
	EndGlobalSection
	GlobalSection(SolutionProperties) = preSolution
		HideSolutionNode = FALSE
	EndGlobalSection
	GlobalSection(ExtensibilityGlobals) = postSolution
		SolutionGuid = {538C8996-A781-4B42-93B7-FFFCBB348FFB}
	EndGlobalSection
EndGlobal
