
Microsoft Visual Studio Solution File, Format Version 12.00
# Visual Studio Version 16
VisualStudioVersion = 25.0.1703.3
MinimumVisualStudioVersion = 10.0.40219.1
Project("{FAE04EC0-301F-11D3-BF4B-00C04F79EFBC}") = "SaedinqvaneTekstIChisla", "SaedinqvaneTekstIChisla\SaedinqvaneTekstIChisla.csproj", "{8BF15F5E-3326-4503-9F63-77D04705917B}"
EndProject
Global
	GlobalSection(SolutionConfigurationPlatforms) = preSolution
		Debug|Any CPU = Debug|Any CPU
		Release|Any CPU = Release|Any CPU
	EndGlobalSection
	GlobalSection(ProjectConfigurationPlatforms) = postSolution
		{8BF15F5E-3326-4503-9F63-77D04705917B}.Debug|Any CPU.ActiveCfg = Debug|Any CPU
		{8BF15F5E-3326-4503-9F63-77D04705917B}.Debug|Any CPU.Build.0 = Debug|Any CPU
		{8BF15F5E-3326-4503-9F63-77D04705917B}.Release|Any CPU.ActiveCfg = Release|Any CPU
		{8BF15F5E-3326-4503-9F63-77D04705917B}.Release|Any CPU.Build.0 = Release|Any CPU
	EndGlobalSection
	GlobalSection(SolutionProperties) = preSolution
		HideSolutionNode = FALSE
	EndGlobalSection
	GlobalSection(ExtensibilityGlobals) = postSolution
		SolutionGuid = {8135434F-B259-4795-A981-7433873A607B}
	EndGlobalSection
EndGlobal
